
Microsoft Visual Studio Solution File, Format Version 12.00
# Visual Studio 15
VisualStudioVersion = 15.0.26403.0
MinimumVisualStudioVersion = 10.0.40219.1
Project("{FAE04EC0-301F-11D3-BF4B-00C04F79EFBC}") = "ChurchLib", "ChurchLib\ChurchLib.csproj", "{58DA613E-A639-41AE-B488-14EFFC3F35FA}"
EndProject
Project("{FAE04EC0-301F-11D3-BF4B-00C04F79EFBC}") = "ChurchLib.Tests", "ChurchLib.Tests\ChurchLib.Tests.csproj", "{DE94C173-2D7A-4FE4-99DD-E9BCDEE9CD7F}"
EndProject
Global
	GlobalSection(SolutionConfigurationPlatforms) = preSolution
		Debug|Any CPU = Debug|Any CPU
		Release|Any CPU = Release|Any CPU
	EndGlobalSection
	GlobalSection(ProjectConfigurationPlatforms) = postSolution
		{58DA613E-A639-41AE-B488-14EFFC3F35FA}.Debug|Any CPU.ActiveCfg = Debug|Any CPU
		{58DA613E-A639-41AE-B488-14EFFC3F35FA}.Debug|Any CPU.Build.0 = Debug|Any CPU
		{58DA613E-A639-41AE-B488-14EFFC3F35FA}.Release|Any CPU.ActiveCfg = Release|Any CPU
		{58DA613E-A639-41AE-B488-14EFFC3F35FA}.Release|Any CPU.Build.0 = Release|Any CPU
		{DE94C173-2D7A-4FE4-99DD-E9BCDEE9CD7F}.Debug|Any CPU.ActiveCfg = Debug|Any CPU
		{DE94C173-2D7A-4FE4-99DD-E9BCDEE9CD7F}.Debug|Any CPU.Build.0 = Debug|Any CPU
		{DE94C173-2D7A-4FE4-99DD-E9BCDEE9CD7F}.Release|Any CPU.ActiveCfg = Release|Any CPU
		{DE94C173-2D7A-4FE4-99DD-E9BCDEE9CD7F}.Release|Any CPU.Build.0 = Release|Any CPU
	EndGlobalSection
	GlobalSection(SolutionProperties) = preSolution
		HideSolutionNode = FALSE
	EndGlobalSection
EndGlobal
